// !$*UTF8*$!
{
	archiveVersion = 1;
	classes = {
	};
	objectVersion = 55;
	objects = {

/* Begin PBXBuildFile section */
		4C58726E27C30222007D3BC6 /* ToDoListApp.swift in Sources */ = {isa = PBXBuildFile; fileRef = 4C58726D27C30222007D3BC6 /* ToDoListApp.swift */; };
		4C58727027C30222007D3BC6 /* ContentView.swift in Sources */ = {isa = PBXBuildFile; fileRef = 4C58726F27C30222007D3BC6 /* ContentView.swift */; };
		4C58727227C30224007D3BC6 /* Assets.xcassets in Resources */ = {isa = PBXBuildFile; fileRef = 4C58727127C30224007D3BC6 /* Assets.xcassets */; };
		4C58727527C30224007D3BC6 /* Preview Assets.xcassets in Resources */ = {isa = PBXBuildFile; fileRef = 4C58727427C30224007D3BC6 /* Preview Assets.xcassets */; };
		4C58727F27C30224007D3BC6 /* ToDoListTests.swift in Sources */ = {isa = PBXBuildFile; fileRef = 4C58727E27C30224007D3BC6 /* ToDoListTests.swift */; };
		4C58728927C30225007D3BC6 /* ToDoListUITests.swift in Sources */ = {isa = PBXBuildFile; fileRef = 4C58728827C30225007D3BC6 /* ToDoListUITests.swift */; };
		4C58728B27C30225007D3BC6 /* ToDoListUITestsLaunchTests.swift in Sources */ = {isa = PBXBuildFile; fileRef = 4C58728A27C30225007D3BC6 /* ToDoListUITestsLaunchTests.swift */; };
		4C58729E27C30442007D3BC6 /* TaskRow.swift in Sources */ = {isa = PBXBuildFile; fileRef = 4C58729D27C30442007D3BC6 /* TaskRow.swift */; };
		4C5872A027C30786007D3BC6 /* TaskView.swift in Sources */ = {isa = PBXBuildFile; fileRef = 4C58729F27C30786007D3BC6 /* TaskView.swift */; };
		4C5872A227C3079D007D3BC6 /* AddTaskView.swift in Sources */ = {isa = PBXBuildFile; fileRef = 4C5872A127C3079D007D3BC6 /* AddTaskView.swift */; };
		4C5872A427C30C03007D3BC6 /* SmallAddButton.swift in Sources */ = {isa = PBXBuildFile; fileRef = 4C5872A327C30C03007D3BC6 /* SmallAddButton.swift */; };
		4C5872A727C413F8007D3BC6 /* Realm in Frameworks */ = {isa = PBXBuildFile; productRef = 4C5872A627C413F8007D3BC6 /* Realm */; };
		4C5872A927C413F8007D3BC6 /* RealmSwift in Frameworks */ = {isa = PBXBuildFile; productRef = 4C5872A827C413F8007D3BC6 /* RealmSwift */; };
/* End PBXBuildFile section */

/* Begin PBXContainerItemProxy section */
		4C58727B27C30224007D3BC6 /* PBXContainerItemProxy */ = {
			isa = PBXContainerItemProxy;
			containerPortal = 4C58726227C30222007D3BC6 /* Project object */;
			proxyType = 1;
			remoteGlobalIDString = 4C58726927C30222007D3BC6;
			remoteInfo = ToDoList;
		};
		4C58728527C30224007D3BC6 /* PBXContainerItemProxy */ = {
			isa = PBXContainerItemProxy;
			containerPortal = 4C58726227C30222007D3BC6 /* Project object */;
			proxyType = 1;
			remoteGlobalIDString = 4C58726927C30222007D3BC6;
			remoteInfo = ToDoList;
		};
/* End PBXContainerItemProxy section */

/* Begin PBXFileReference section */
		4C58726A27C30222007D3BC6 /* ToDoList.app */ = {isa = PBXFileReference; explicitFileType = wrapper.application; includeInIndex = 0; path = ToDoList.app; sourceTree = BUILT_PRODUCTS_DIR; };
		4C58726D27C30222007D3BC6 /* ToDoListApp.swift */ = {isa = PBXFileReference; lastKnownFileType = sourcecode.swift; path = ToDoListApp.swift; sourceTree = "<group>"; };
		4C58726F27C30222007D3BC6 /* ContentView.swift */ = {isa = PBXFileReference; lastKnownFileType = sourcecode.swift; path = ContentView.swift; sourceTree = "<group>"; };
		4C58727127C30224007D3BC6 /* Assets.xcassets */ = {isa = PBXFileReference; lastKnownFileType = folder.assetcatalog; path = Assets.xcassets; sourceTree = "<group>"; };
		4C58727427C30224007D3BC6 /* Preview Assets.xcassets */ = {isa = PBXFileReference; lastKnownFileType = folder.assetcatalog; path = "Preview Assets.xcassets"; sourceTree = "<group>"; };
		4C58727A27C30224007D3BC6 /* ToDoListTests.xctest */ = {isa = PBXFileReference; explicitFileType = wrapper.cfbundle; includeInIndex = 0; path = ToDoListTests.xctest; sourceTree = BUILT_PRODUCTS_DIR; };
		4C58727E27C30224007D3BC6 /* ToDoListTests.swift */ = {isa = PBXFileReference; lastKnownFileType = sourcecode.swift; path = ToDoListTests.swift; sourceTree = "<group>"; };
		4C58728427C30224007D3BC6 /* ToDoListUITests.xctest */ = {isa = PBXFileReference; explicitFileType = wrapper.cfbundle; includeInIndex = 0; path = ToDoListUITests.xctest; sourceTree = BUILT_PRODUCTS_DIR; };
		4C58728827C30225007D3BC6 /* ToDoListUITests.swift */ = {isa = PBXFileReference; lastKnownFileType = sourcecode.swift; path = ToDoListUITests.swift; sourceTree = "<group>"; };
		4C58728A27C30225007D3BC6 /* ToDoListUITestsLaunchTests.swift */ = {isa = PBXFileReference; lastKnownFileType = sourcecode.swift; path = ToDoListUITestsLaunchTests.swift; sourceTree = "<group>"; };
		4C58729D27C30442007D3BC6 /* TaskRow.swift */ = {isa = PBXFileReference; lastKnownFileType = sourcecode.swift; path = TaskRow.swift; sourceTree = "<group>"; };
		4C58729F27C30786007D3BC6 /* TaskView.swift */ = {isa = PBXFileReference; lastKnownFileType = sourcecode.swift; path = TaskView.swift; sourceTree = "<group>"; };
		4C5872A127C3079D007D3BC6 /* AddTaskView.swift */ = {isa = PBXFileReference; lastKnownFileType = sourcecode.swift; path = AddTaskView.swift; sourceTree = "<group>"; };
		4C5872A327C30C03007D3BC6 /* SmallAddButton.swift */ = {isa = PBXFileReference; lastKnownFileType = sourcecode.swift; path = SmallAddButton.swift; sourceTree = "<group>"; };
/* End PBXFileReference section */

/* Begin PBXFrameworksBuildPhase section */
		4C58726727C30222007D3BC6 /* Frameworks */ = {
			isa = PBXFrameworksBuildPhase;
			buildActionMask = 2147483647;
			files = (
				4C5872A927C413F8007D3BC6 /* RealmSwift in Frameworks */,
				4C5872A727C413F8007D3BC6 /* Realm in Frameworks */,
			);
			runOnlyForDeploymentPostprocessing = 0;
		};
		4C58727727C30224007D3BC6 /* Frameworks */ = {
			isa = PBXFrameworksBuildPhase;
			buildActionMask = 2147483647;
			files = (
			);
			runOnlyForDeploymentPostprocessing = 0;
		};
		4C58728127C30224007D3BC6 /* Frameworks */ = {
			isa = PBXFrameworksBuildPhase;
			buildActionMask = 2147483647;
			files = (
			);
			runOnlyForDeploymentPostprocessing = 0;
		};
/* End PBXFrameworksBuildPhase section */

/* Begin PBXGroup section */
		4C58726127C30222007D3BC6 = {
			isa = PBXGroup;
			children = (
				4C58729A27C303DD007D3BC6 /* Components */,
				4C58729927C302B3007D3BC6 /* Views */,
				4C58726C27C30222007D3BC6 /* ToDoList */,
				4C58727D27C30224007D3BC6 /* ToDoListTests */,
				4C58728727C30224007D3BC6 /* ToDoListUITests */,
				4C58726B27C30222007D3BC6 /* Products */,
			);
			sourceTree = "<group>";
		};
		4C58726B27C30222007D3BC6 /* Products */ = {
			isa = PBXGroup;
			children = (
				4C58726A27C30222007D3BC6 /* ToDoList.app */,
				4C58727A27C30224007D3BC6 /* ToDoListTests.xctest */,
				4C58728427C30224007D3BC6 /* ToDoListUITests.xctest */,
			);
			name = Products;
			sourceTree = "<group>";
		};
		4C58726C27C30222007D3BC6 /* ToDoList */ = {
			isa = PBXGroup;
			children = (
				4C58726D27C30222007D3BC6 /* ToDoListApp.swift */,
				4C58727127C30224007D3BC6 /* Assets.xcassets */,
				4C58727327C30224007D3BC6 /* Preview Content */,
			);
			path = ToDoList;
			sourceTree = "<group>";
		};
		4C58727327C30224007D3BC6 /* Preview Content */ = {
			isa = PBXGroup;
			children = (
				4C58727427C30224007D3BC6 /* Preview Assets.xcassets */,
			);
			path = "Preview Content";
			sourceTree = "<group>";
		};
		4C58727D27C30224007D3BC6 /* ToDoListTests */ = {
			isa = PBXGroup;
			children = (
				4C58727E27C30224007D3BC6 /* ToDoListTests.swift */,
			);
			path = ToDoListTests;
			sourceTree = "<group>";
		};
		4C58728727C30224007D3BC6 /* ToDoListUITests */ = {
			isa = PBXGroup;
			children = (
				4C58728827C30225007D3BC6 /* ToDoListUITests.swift */,
				4C58728A27C30225007D3BC6 /* ToDoListUITestsLaunchTests.swift */,
			);
			path = ToDoListUITests;
			sourceTree = "<group>";
		};
		4C58729927C302B3007D3BC6 /* Views */ = {
			isa = PBXGroup;
			children = (
				4C58726F27C30222007D3BC6 /* ContentView.swift */,
				4C58729F27C30786007D3BC6 /* TaskView.swift */,
				4C5872A127C3079D007D3BC6 /* AddTaskView.swift */,
			);
			path = Views;
			sourceTree = "<group>";
		};
		4C58729A27C303DD007D3BC6 /* Components */ = {
			isa = PBXGroup;
			children = (
				4C58729D27C30442007D3BC6 /* TaskRow.swift */,
				4C5872A327C30C03007D3BC6 /* SmallAddButton.swift */,
			);
			path = Components;
			sourceTree = "<group>";
		};
/* End PBXGroup section */

/* Begin PBXNativeTarget section */
		4C58726927C30222007D3BC6 /* ToDoList */ = {
			isa = PBXNativeTarget;
			buildConfigurationList = 4C58728E27C30225007D3BC6 /* Build configuration list for PBXNativeTarget "ToDoList" */;
			buildPhases = (
				4C58726627C30222007D3BC6 /* Sources */,
				4C58726727C30222007D3BC6 /* Frameworks */,
				4C58726827C30222007D3BC6 /* Resources */,
			);
			buildRules = (
			);
			dependencies = (
			);
			name = ToDoList;
			packageProductDependencies = (
				4C5872A627C413F8007D3BC6 /* Realm */,
				4C5872A827C413F8007D3BC6 /* RealmSwift */,
			);
			productName = ToDoList;
			productReference = 4C58726A27C30222007D3BC6 /* ToDoList.app */;
			productType = "com.apple.product-type.application";
		};
		4C58727927C30224007D3BC6 /* ToDoListTests */ = {
			isa = PBXNativeTarget;
			buildConfigurationList = 4C58729127C30225007D3BC6 /* Build configuration list for PBXNativeTarget "ToDoListTests" */;
			buildPhases = (
				4C58727627C30224007D3BC6 /* Sources */,
				4C58727727C30224007D3BC6 /* Frameworks */,
				4C58727827C30224007D3BC6 /* Resources */,
			);
			buildRules = (
			);
			dependencies = (
				4C58727C27C30224007D3BC6 /* PBXTargetDependency */,
			);
			name = ToDoListTests;
			productName = ToDoListTests;
			productReference = 4C58727A27C30224007D3BC6 /* ToDoListTests.xctest */;
			productType = "com.apple.product-type.bundle.unit-test";
		};
		4C58728327C30224007D3BC6 /* ToDoListUITests */ = {
			isa = PBXNativeTarget;
			buildConfigurationList = 4C58729427C30225007D3BC6 /* Build configuration list for PBXNativeTarget "ToDoListUITests" */;
			buildPhases = (
				4C58728027C30224007D3BC6 /* Sources */,
				4C58728127C30224007D3BC6 /* Frameworks */,
				4C58728227C30224007D3BC6 /* Resources */,
			);
			buildRules = (
			);
			dependencies = (
				4C58728627C30224007D3BC6 /* PBXTargetDependency */,
			);
			name = ToDoListUITests;
			productName = ToDoListUITests;
			productReference = 4C58728427C30224007D3BC6 /* ToDoListUITests.xctest */;
			productType = "com.apple.product-type.bundle.ui-testing";
		};
/* End PBXNativeTarget section */

/* Begin PBXProject section */
		4C58726227C30222007D3BC6 /* Project object */ = {
			isa = PBXProject;
			attributes = {
				BuildIndependentTargetsInParallel = 1;
				LastSwiftUpdateCheck = 1330;
				LastUpgradeCheck = 1330;
				TargetAttributes = {
					4C58726927C30222007D3BC6 = {
						CreatedOnToolsVersion = 13.3;
					};
					4C58727927C30224007D3BC6 = {
						CreatedOnToolsVersion = 13.3;
						TestTargetID = 4C58726927C30222007D3BC6;
					};
					4C58728327C30224007D3BC6 = {
						CreatedOnToolsVersion = 13.3;
						TestTargetID = 4C58726927C30222007D3BC6;
					};
				};
			};
			buildConfigurationList = 4C58726527C30222007D3BC6 /* Build configuration list for PBXProject "ToDoList" */;
			compatibilityVersion = "Xcode 13.0";
			developmentRegion = en;
			hasScannedForEncodings = 0;
			knownRegions = (
				en,
				Base,
			);
			mainGroup = 4C58726127C30222007D3BC6;
			packageReferences = (
				4C5872A527C413F8007D3BC6 /* XCRemoteSwiftPackageReference "realm-cocoa" */,
			);
			productRefGroup = 4C58726B27C30222007D3BC6 /* Products */;
			projectDirPath = "";
			projectRoot = "";
			targets = (
				4C58726927C30222007D3BC6 /* ToDoList */,
				4C58727927C30224007D3BC6 /* ToDoListTests */,
				4C58728327C30224007D3BC6 /* ToDoListUITests */,
			);
		};
/* End PBXProject section */

/* Begin PBXResourcesBuildPhase section */
		4C58726827C30222007D3BC6 /* Resources */ = {
			isa = PBXResourcesBuildPhase;
			buildActionMask = 2147483647;
			files = (
				4C58727527C30224007D3BC6 /* Preview Assets.xcassets in Resources */,
				4C58727227C30224007D3BC6 /* Assets.xcassets in Resources */,
			);
			runOnlyForDeploymentPostprocessing = 0;
		};
		4C58727827C30224007D3BC6 /* Resources */ = {
			isa = PBXResourcesBuildPhase;
			buildActionMask = 2147483647;
			files = (
			);
			runOnlyForDeploymentPostprocessing = 0;
		};
		4C58728227C30224007D3BC6 /* Resources */ = {
			isa = PBXResourcesBuildPhase;
			buildActionMask = 2147483647;
			files = (
			);
			runOnlyForDeploymentPostprocessing = 0;
		};
/* End PBXResourcesBuildPhase section */

/* Begin PBXSourcesBuildPhase section */
		4C58726627C30222007D3BC6 /* Sources */ = {
			isa = PBXSourcesBuildPhase;
			buildActionMask = 2147483647;
			files = (
				4C58727027C30222007D3BC6 /* ContentView.swift in Sources */,
				4C5872A227C3079D007D3BC6 /* AddTaskView.swift in Sources */,
				4C58726E27C30222007D3BC6 /* ToDoListApp.swift in Sources */,
				4C5872A427C30C03007D3BC6 /* SmallAddButton.swift in Sources */,
				4C58729E27C30442007D3BC6 /* TaskRow.swift in Sources */,
				4C5872A027C30786007D3BC6 /* TaskView.swift in Sources */,
			);
			runOnlyForDeploymentPostprocessing = 0;
		};
		4C58727627C30224007D3BC6 /* Sources */ = {
			isa = PBXSourcesBuildPhase;
			buildActionMask = 2147483647;
			files = (
				4C58727F27C30224007D3BC6 /* ToDoListTests.swift in Sources */,
			);
			runOnlyForDeploymentPostprocessing = 0;
		};
		4C58728027C30224007D3BC6 /* Sources */ = {
			isa = PBXSourcesBuildPhase;
			buildActionMask = 2147483647;
			files = (
				4C58728B27C30225007D3BC6 /* ToDoListUITestsLaunchTests.swift in Sources */,
				4C58728927C30225007D3BC6 /* ToDoListUITests.swift in Sources */,
			);
			runOnlyForDeploymentPostprocessing = 0;
		};
/* End PBXSourcesBuildPhase section */

/* Begin PBXTargetDependency section */
		4C58727C27C30224007D3BC6 /* PBXTargetDependency */ = {
			isa = PBXTargetDependency;
			target = 4C58726927C30222007D3BC6 /* ToDoList */;
			targetProxy = 4C58727B27C30224007D3BC6 /* PBXContainerItemProxy */;
		};
		4C58728627C30224007D3BC6 /* PBXTargetDependency */ = {
			isa = PBXTargetDependency;
			target = 4C58726927C30222007D3BC6 /* ToDoList */;
			targetProxy = 4C58728527C30224007D3BC6 /* PBXContainerItemProxy */;
		};
/* End PBXTargetDependency section */

/* Begin XCBuildConfiguration section */
		4C58728C27C30225007D3BC6 /* Debug */ = {
			isa = XCBuildConfiguration;
			buildSettings = {
				ALWAYS_SEARCH_USER_PATHS = NO;
				CLANG_ANALYZER_NONNULL = YES;
				CLANG_ANALYZER_NUMBER_OBJECT_CONVERSION = YES_AGGRESSIVE;
				CLANG_CXX_LANGUAGE_STANDARD = "gnu++17";
				CLANG_ENABLE_MODULES = YES;
				CLANG_ENABLE_OBJC_ARC = YES;
				CLANG_ENABLE_OBJC_WEAK = YES;
				CLANG_WARN_BLOCK_CAPTURE_AUTORELEASING = YES;
				CLANG_WARN_BOOL_CONVERSION = YES;
				CLANG_WARN_COMMA = YES;
				CLANG_WARN_CONSTANT_CONVERSION = YES;
				CLANG_WARN_DEPRECATED_OBJC_IMPLEMENTATIONS = YES;
				CLANG_WARN_DIRECT_OBJC_ISA_USAGE = YES_ERROR;
				CLANG_WARN_DOCUMENTATION_COMMENTS = YES;
				CLANG_WARN_EMPTY_BODY = YES;
				CLANG_WARN_ENUM_CONVERSION = YES;
				CLANG_WARN_INFINITE_RECURSION = YES;
				CLANG_WARN_INT_CONVERSION = YES;
				CLANG_WARN_NON_LITERAL_NULL_CONVERSION = YES;
				CLANG_WARN_OBJC_IMPLICIT_RETAIN_SELF = YES;
				CLANG_WARN_OBJC_LITERAL_CONVERSION = YES;
				CLANG_WARN_OBJC_ROOT_CLASS = YES_ERROR;
				CLANG_WARN_QUOTED_INCLUDE_IN_FRAMEWORK_HEADER = YES;
				CLANG_WARN_RANGE_LOOP_ANALYSIS = YES;
				CLANG_WARN_STRICT_PROTOTYPES = YES;
				CLANG_WARN_SUSPICIOUS_MOVE = YES;
				CLANG_WARN_UNGUARDED_AVAILABILITY = YES_AGGRESSIVE;
				CLANG_WARN_UNREACHABLE_CODE = YES;
				CLANG_WARN__DUPLICATE_METHOD_MATCH = YES;
				COPY_PHASE_STRIP = NO;
				DEBUG_INFORMATION_FORMAT = dwarf;
				ENABLE_STRICT_OBJC_MSGSEND = YES;
				ENABLE_TESTABILITY = YES;
				GCC_C_LANGUAGE_STANDARD = gnu11;
				GCC_DYNAMIC_NO_PIC = NO;
				GCC_NO_COMMON_BLOCKS = YES;
				GCC_OPTIMIZATION_LEVEL = 0;
				GCC_PREPROCESSOR_DEFINITIONS = (
					"DEBUG=1",
					"$(inherited)",
				);
				GCC_WARN_64_TO_32_BIT_CONVERSION = YES;
				GCC_WARN_ABOUT_RETURN_TYPE = YES_ERROR;
				GCC_WARN_UNDECLARED_SELECTOR = YES;
				GCC_WARN_UNINITIALIZED_AUTOS = YES_AGGRESSIVE;
				GCC_WARN_UNUSED_FUNCTION = YES;
				GCC_WARN_UNUSED_VARIABLE = YES;
				IPHONEOS_DEPLOYMENT_TARGET = 15.4;
				MTL_ENABLE_DEBUG_INFO = INCLUDE_SOURCE;
				MTL_FAST_MATH = YES;
				ONLY_ACTIVE_ARCH = YES;
				SDKROOT = iphoneos;
				SWIFT_ACTIVE_COMPILATION_CONDITIONS = DEBUG;
				SWIFT_OPTIMIZATION_LEVEL = "-Onone";
			};
			name = Debug;
		};
		4C58728D27C30225007D3BC6 /* Release */ = {
			isa = XCBuildConfiguration;
			buildSettings = {
				ALWAYS_SEARCH_USER_PATHS = NO;
				CLANG_ANALYZER_NONNULL = YES;
				CLANG_ANALYZER_NUMBER_OBJECT_CONVERSION = YES_AGGRESSIVE;
				CLANG_CXX_LANGUAGE_STANDARD = "gnu++17";
				CLANG_ENABLE_MODULES = YES;
				CLANG_ENABLE_OBJC_ARC = YES;
				CLANG_ENABLE_OBJC_WEAK = YES;
				CLANG_WARN_BLOCK_CAPTURE_AUTORELEASING = YES;
				CLANG_WARN_BOOL_CONVERSION = YES;
				CLANG_WARN_COMMA = YES;
				CLANG_WARN_CONSTANT_CONVERSION = YES;
				CLANG_WARN_DEPRECATED_OBJC_IMPLEMENTATIONS = YES;
				CLANG_WARN_DIRECT_OBJC_ISA_USAGE = YES_ERROR;
				CLANG_WARN_DOCUMENTATION_COMMENTS = YES;
				CLANG_WARN_EMPTY_BODY = YES;
				CLANG_WARN_ENUM_CONVERSION = YES;
				CLANG_WARN_INFINITE_RECURSION = YES;
				CLANG_WARN_INT_CONVERSION = YES;
				CLANG_WARN_NON_LITERAL_NULL_CONVERSION = YES;
				CLANG_WARN_OBJC_IMPLICIT_RETAIN_SELF = YES;
				CLANG_WARN_OBJC_LITERAL_CONVERSION = YES;
				CLANG_WARN_OBJC_ROOT_CLASS = YES_ERROR;
				CLANG_WARN_QUOTED_INCLUDE_IN_FRAMEWORK_HEADER = YES;
				CLANG_WARN_RANGE_LOOP_ANALYSIS = YES;
				CLANG_WARN_STRICT_PROTOTYPES = YES;
				CLANG_WARN_SUSPICIOUS_MOVE = YES;
				CLANG_WARN_UNGUARDED_AVAILABILITY = YES_AGGRESSIVE;
				CLANG_WARN_UNREACHABLE_CODE = YES;
				CLANG_WARN__DUPLICATE_METHOD_MATCH = YES;
				COPY_PHASE_STRIP = NO;
				DEBUG_INFORMATION_FORMAT = "dwarf-with-dsym";
				ENABLE_NS_ASSERTIONS = NO;
				ENABLE_STRICT_OBJC_MSGSEND = YES;
				GCC_C_LANGUAGE_STANDARD = gnu11;
				GCC_NO_COMMON_BLOCKS = YES;
				GCC_WARN_64_TO_32_BIT_CONVERSION = YES;
				GCC_WARN_ABOUT_RETURN_TYPE = YES_ERROR;
				GCC_WARN_UNDECLARED_SELECTOR = YES;
				GCC_WARN_UNINITIALIZED_AUTOS = YES_AGGRESSIVE;
				GCC_WARN_UNUSED_FUNCTION = YES;
				GCC_WARN_UNUSED_VARIABLE = YES;
				IPHONEOS_DEPLOYMENT_TARGET = 15.4;
				MTL_ENABLE_DEBUG_INFO = NO;
				MTL_FAST_MATH = YES;
				SDKROOT = iphoneos;
				SWIFT_COMPILATION_MODE = wholemodule;
				SWIFT_OPTIMIZATION_LEVEL = "-O";
				VALIDATE_PRODUCT = YES;
			};
			name = Release;
		};
		4C58728F27C30225007D3BC6 /* Debug */ = {
			isa = XCBuildConfiguration;
			buildSettings = {
				ASSETCATALOG_COMPILER_APPICON_NAME = AppIcon;
				ASSETCATALOG_COMPILER_GLOBAL_ACCENT_COLOR_NAME = AccentColor;
				CODE_SIGN_STYLE = Automatic;
				CURRENT_PROJECT_VERSION = 1;
				DEVELOPMENT_ASSET_PATHS = "\"ToDoList/Preview Content\"";
				DEVELOPMENT_TEAM = G3P9A8Z2NP;
				ENABLE_PREVIEWS = YES;
				GENERATE_INFOPLIST_FILE = YES;
				INFOPLIST_KEY_UIApplicationSceneManifest_Generation = YES;
				INFOPLIST_KEY_UIApplicationSupportsIndirectInputEvents = YES;
				INFOPLIST_KEY_UILaunchScreen_Generation = YES;
				INFOPLIST_KEY_UISupportedInterfaceOrientations_iPad = "UIInterfaceOrientationPortrait UIInterfaceOrientationPortraitUpsideDown UIInterfaceOrientationLandscapeLeft UIInterfaceOrientationLandscapeRight";
				INFOPLIST_KEY_UISupportedInterfaceOrientations_iPhone = "UIInterfaceOrientationPortrait UIInterfaceOrientationLandscapeLeft UIInterfaceOrientationLandscapeRight";
				LD_RUNPATH_SEARCH_PATHS = (
					"$(inherited)",
					"@executable_path/Frameworks",
				);
				MARKETING_VERSION = 1.0;
				PRODUCT_BUNDLE_IDENTIFIER = com.bakercompany.jbaker00.ToDoList;
				PRODUCT_NAME = "$(TARGET_NAME)";
				SWIFT_EMIT_LOC_STRINGS = YES;
				SWIFT_VERSION = 5.0;
				TARGETED_DEVICE_FAMILY = "1,2";
			};
			name = Debug;
		};
		4C58729027C30225007D3BC6 /* Release */ = {
			isa = XCBuildConfiguration;
			buildSettings = {
				ASSETCATALOG_COMPILER_APPICON_NAME = AppIcon;
				ASSETCATALOG_COMPILER_GLOBAL_ACCENT_COLOR_NAME = AccentColor;
				CODE_SIGN_STYLE = Automatic;
				CURRENT_PROJECT_VERSION = 1;
				DEVELOPMENT_ASSET_PATHS = "\"ToDoList/Preview Content\"";
				DEVELOPMENT_TEAM = G3P9A8Z2NP;
				ENABLE_PREVIEWS = YES;
				GENERATE_INFOPLIST_FILE = YES;
				INFOPLIST_KEY_UIApplicationSceneManifest_Generation = YES;
				INFOPLIST_KEY_UIApplicationSupportsIndirectInputEvents = YES;
				INFOPLIST_KEY_UILaunchScreen_Generation = YES;
				INFOPLIST_KEY_UISupportedInterfaceOrientations_iPad = "UIInterfaceOrientationPortrait UIInterfaceOrientationPortraitUpsideDown UIInterfaceOrientationLandscapeLeft UIInterfaceOrientationLandscapeRight";
				INFOPLIST_KEY_UISupportedInterfaceOrientations_iPhone = "UIInterfaceOrientationPortrait UIInterfaceOrientationLandscapeLeft UIInterfaceOrientationLandscapeRight";
				LD_RUNPATH_SEARCH_PATHS = (
					"$(inherited)",
					"@executable_path/Frameworks",
				);
				MARKETING_VERSION = 1.0;
				PRODUCT_BUNDLE_IDENTIFIER = com.bakercompany.jbaker00.ToDoList;
				PRODUCT_NAME = "$(TARGET_NAME)";
				SWIFT_EMIT_LOC_STRINGS = YES;
				SWIFT_VERSION = 5.0;
				TARGETED_DEVICE_FAMILY = "1,2";
			};
			name = Release;
		};
		4C58729227C30225007D3BC6 /* Debug */ = {
			isa = XCBuildConfiguration;
			buildSettings = {
				ALWAYS_EMBED_SWIFT_STANDARD_LIBRARIES = YES;
				BUNDLE_LOADER = "$(TEST_HOST)";
				CODE_SIGN_STYLE = Automatic;
				CURRENT_PROJECT_VERSION = 1;
				DEVELOPMENT_TEAM = G3P9A8Z2NP;
				GENERATE_INFOPLIST_FILE = YES;
				IPHONEOS_DEPLOYMENT_TARGET = 15.4;
				MARKETING_VERSION = 1.0;
				PRODUCT_BUNDLE_IDENTIFIER = com.bakercompany.jbaker00.ToDoListTests;
				PRODUCT_NAME = "$(TARGET_NAME)";
				SWIFT_EMIT_LOC_STRINGS = NO;
				SWIFT_VERSION = 5.0;
				TARGETED_DEVICE_FAMILY = "1,2";
				TEST_HOST = "$(BUILT_PRODUCTS_DIR)/ToDoList.app/ToDoList";
			};
			name = Debug;
		};
		4C58729327C30225007D3BC6 /* Release */ = {
			isa = XCBuildConfiguration;
			buildSettings = {
				ALWAYS_EMBED_SWIFT_STANDARD_LIBRARIES = YES;
				BUNDLE_LOADER = "$(TEST_HOST)";
				CODE_SIGN_STYLE = Automatic;
				CURRENT_PROJECT_VERSION = 1;
				DEVELOPMENT_TEAM = G3P9A8Z2NP;
				GENERATE_INFOPLIST_FILE = YES;
				IPHONEOS_DEPLOYMENT_TARGET = 15.4;
				MARKETING_VERSION = 1.0;
				PRODUCT_BUNDLE_IDENTIFIER = com.bakercompany.jbaker00.ToDoListTests;
				PRODUCT_NAME = "$(TARGET_NAME)";
				SWIFT_EMIT_LOC_STRINGS = NO;
				SWIFT_VERSION = 5.0;
				TARGETED_DEVICE_FAMILY = "1,2";
				TEST_HOST = "$(BUILT_PRODUCTS_DIR)/ToDoList.app/ToDoList";
			};
			name = Release;
		};
		4C58729527C30225007D3BC6 /* Debug */ = {
			isa = XCBuildConfiguration;
			buildSettings = {
				ALWAYS_EMBED_SWIFT_STANDARD_LIBRARIES = YES;
				CODE_SIGN_STYLE = Automatic;
				CURRENT_PROJECT_VERSION = 1;
				DEVELOPMENT_TEAM = G3P9A8Z2NP;
				GENERATE_INFOPLIST_FILE = YES;
				MARKETING_VERSION = 1.0;
				PRODUCT_BUNDLE_IDENTIFIER = com.bakercompany.jbaker00.ToDoListUITests;
				PRODUCT_NAME = "$(TARGET_NAME)";
				SWIFT_EMIT_LOC_STRINGS = NO;
				SWIFT_VERSION = 5.0;
				TARGETED_DEVICE_FAMILY = "1,2";
				TEST_TARGET_NAME = ToDoList;
			};
			name = Debug;
		};
		4C58729627C30225007D3BC6 /* Release */ = {
			isa = XCBuildConfiguration;
			buildSettings = {
				ALWAYS_EMBED_SWIFT_STANDARD_LIBRARIES = YES;
				CODE_SIGN_STYLE = Automatic;
				CURRENT_PROJECT_VERSION = 1;
				DEVELOPMENT_TEAM = G3P9A8Z2NP;
				GENERATE_INFOPLIST_FILE = YES;
				MARKETING_VERSION = 1.0;
				PRODUCT_BUNDLE_IDENTIFIER = com.bakercompany.jbaker00.ToDoListUITests;
				PRODUCT_NAME = "$(TARGET_NAME)";
				SWIFT_EMIT_LOC_STRINGS = NO;
				SWIFT_VERSION = 5.0;
				TARGETED_DEVICE_FAMILY = "1,2";
				TEST_TARGET_NAME = ToDoList;
			};
			name = Release;
		};
/* End XCBuildConfiguration section */

/* Begin XCConfigurationList section */
		4C58726527C30222007D3BC6 /* Build configuration list for PBXProject "ToDoList" */ = {
			isa = XCConfigurationList;
			buildConfigurations = (
				4C58728C27C30225007D3BC6 /* Debug */,
				4C58728D27C30225007D3BC6 /* Release */,
			);
			defaultConfigurationIsVisible = 0;
			defaultConfigurationName = Release;
		};
		4C58728E27C30225007D3BC6 /* Build configuration list for PBXNativeTarget "ToDoList" */ = {
			isa = XCConfigurationList;
			buildConfigurations = (
				4C58728F27C30225007D3BC6 /* Debug */,
				4C58729027C30225007D3BC6 /* Release */,
			);
			defaultConfigurationIsVisible = 0;
			defaultConfigurationName = Release;
		};
		4C58729127C30225007D3BC6 /* Build configuration list for PBXNativeTarget "ToDoListTests" */ = {
			isa = XCConfigurationList;
			buildConfigurations = (
				4C58729227C30225007D3BC6 /* Debug */,
				4C58729327C30225007D3BC6 /* Release */,
			);
			defaultConfigurationIsVisible = 0;
			defaultConfigurationName = Release;
		};
		4C58729427C30225007D3BC6 /* Build configuration list for PBXNativeTarget "ToDoListUITests" */ = {
			isa = XCConfigurationList;
			buildConfigurations = (
				4C58729527C30225007D3BC6 /* Debug */,
				4C58729627C30225007D3BC6 /* Release */,
			);
			defaultConfigurationIsVisible = 0;
			defaultConfigurationName = Release;
		};
/* End XCConfigurationList section */

/* Begin XCRemoteSwiftPackageReference section */
		4C5872A527C413F8007D3BC6 /* XCRemoteSwiftPackageReference "realm-cocoa" */ = {
			isa = XCRemoteSwiftPackageReference;
			repositoryURL = "https://github.com/realm/realm-cocoa.git";
			requirement = {
				kind = upToNextMajorVersion;
				minimumVersion = 10.10.0;
			};
		};
/* End XCRemoteSwiftPackageReference section */

/* Begin XCSwiftPackageProductDependency section */
		4C5872A627C413F8007D3BC6 /* Realm */ = {
			isa = XCSwiftPackageProductDependency;
			package = 4C5872A527C413F8007D3BC6 /* XCRemoteSwiftPackageReference "realm-cocoa" */;
			productName = Realm;
		};
		4C5872A827C413F8007D3BC6 /* RealmSwift */ = {
			isa = XCSwiftPackageProductDependency;
			package = 4C5872A527C413F8007D3BC6 /* XCRemoteSwiftPackageReference "realm-cocoa" */;
			productName = RealmSwift;
		};
/* End XCSwiftPackageProductDependency section */
	};
	rootObject = 4C58726227C30222007D3BC6 /* Project object */;
}
